github.com/expgo/factory v0.0.0-20240402024458-04bced03534e h1:DnNylyglvF8Zrm4oWDLCaHX8erO5x3ozOIqbQKMjX2A=
github.com/expgo/factory v0.0.0-20240402024458-04bced03534e/go.mod h1:T+ZVWsHgs9YHF6So99KTDmRyDkkjuVqr3V14QlT04aA=
github.com/expgo/generic v0.0.0-20240323131353-339c0d4e5e11 h1:cWUgCuzaYf5WhAmgfsjQjAkug6357xree+yILbHUzIE=
github.com/expgo/generic v0.0.0-20240323131353-339c0d4e5e11/go.mod h1:Q3Y49UmlJcsKsmbWI6VA4+Z+N66PfJcSOPM+XC/N1y8=
github.com/expgo/structure v0.0.0-20240408070413-75d7f6febe00 h1:DeFvhh1mqRmI6diQxf6mEnnZsqlayd+t2Smxj3Khjrg=
github.com/expgo/structure v0.0.0-20240408070413-75d7f6febe00/go.mod h1:5vmNK2QGUV0oovMingawA6CdIIZxKhLjxxq3GLxDNXI=
github.com/expr-lang/expr v1.16.3 h1:NLldf786GffptcXNxxJx5dQ+FzeWDKChBDqOOwyK8to=
github.com/expr-lang/expr v1.16.3/go.mod h1:uCkhfG+x7fcZ5A5sXHKuQ07jGZRl6J0FCAaf2k4PtVQ=
github.com/fsnotify/fsnotify v1.7.0 h1:8JEhPFa5W2WU7YfeZzPNqzMP6Lwt7L2715Ggo0nosvA=
github.com/fsnotify/fsnotify v1.7.0/go.mod h1:40Bi/Hjc2AVfZrqy+aj+yEI+/bRxZnMJyTJwOpGvigM=
github.com/thejerf/suture v4.0.5+incompatible h1:w8WBkQVTtScFVcMSY+mRXTgiG38XSzu/pMXuefeFM4s=
github.com/thejerf/suture v4.0.5+incompatible/go.mod h1:ibKwrVj+Uzf3XZdAiNWUouPaAbSoemxOHLmJmwheEMc=
github.com/thejerf/suture/v4 v4.0.5 h1:F1E/4FZwXWqvlWDKEUo6/ndLtxGAUzMmNqkrMknZbAA=
github.com/thejerf/suture/v4 v4.0.5/go.mod h1:gu9Y4dXNUWFrByqRt30Rm9/UZ0wzRSt9AJS6xu/ZGxU=
golang.org/x/sys v0.19.0 h1:q5f1RH2jigJ1MoAWp2KTp3gm5zAGFUTarQZ5U386+4o=
golang.org/x/sys v0.19.0/go.mod h1:/VUhepiaJMQUp4+oa/7Zr1D23ma6VTLIYjOOTFZPUcA=
gopkg.in/check.v1 v0.0.0-20161208181325-20d25e280405/go.mod h1:Co6ibVJAznAaIkqp8huTwlJQCZ016jof/cbN4VW5Yz0=
gopkg.in/yaml.v3 v3.0.1 h1:fxVm/GzAzEWqLHuvctI91KS9hhNmmWOoWu0XTYJS7CA=
gopkg.in/yaml.v3 v3.0.1/go.mod h1:K4uyk7z7BCEPqu6E+C64Yfv1cQ7kz7rIZviUmN+EgEM=
